
Microsoft Visual Studio Solution File, Format Version 12.00
# Visual Studio 15
VisualStudioVersion = 15.0.28307.1684
MinimumVisualStudioVersion = 10.0.40219.1
Project("{8BC9CEB8-8B4A-11D0-8D11-00A0C91BC942}") = "Old_Maid", "Old_Maid\Old_Maid.vcxproj", "{DDA1DC8C-1A2C-4BD6-A7FB-92B6FE31A523}"
EndProject
Global
	GlobalSection(SolutionConfigurationPlatforms) = preSolution
		Debug|x64 = Debug|x64
		Debug|x86 = Debug|x86
		Release|x64 = Release|x64
		Release|x86 = Release|x86
	EndGlobalSection
	GlobalSection(ProjectConfigurationPlatforms) = postSolution
		{DDA1DC8C-1A2C-4BD6-A7FB-92B6FE31A523}.Debug|x64.ActiveCfg = Debug|x64
		{DDA1DC8C-1A2C-4BD6-A7FB-92B6FE31A523}.Debug|x64.Build.0 = Debug|x64
		{DDA1DC8C-1A2C-4BD6-A7FB-92B6FE31A523}.Debug|x86.ActiveCfg = Debug|Win32
		{DDA1DC8C-1A2C-4BD6-A7FB-92B6FE31A523}.Debug|x86.Build.0 = Debug|Win32
		{DDA1DC8C-1A2C-4BD6-A7FB-92B6FE31A523}.Release|x64.ActiveCfg = Release|x64
		{DDA1DC8C-1A2C-4BD6-A7FB-92B6FE31A523}.Release|x64.Build.0 = Release|x64
		{DDA1DC8C-1A2C-4BD6-A7FB-92B6FE31A523}.Release|x86.ActiveCfg = Release|Win32
		{DDA1DC8C-1A2C-4BD6-A7FB-92B6FE31A523}.Release|x86.Build.0 = Release|Win32
	EndGlobalSection
	GlobalSection(SolutionProperties) = preSolution
		HideSolutionNode = FALSE
	EndGlobalSection
	GlobalSection(ExtensibilityGlobals) = postSolution
		SolutionGuid = {1EA2A546-B3A5-4B7D-B7DC-6317977117C4}
	EndGlobalSection
EndGlobal
